<?xml version="1.0" encoding="utf-8"?>
<Project ToolsVersion="4.0" xmlns="http://schemas.microsoft.com/developer/msbuild/2003">
  <ItemGroup>
    <Filter Include="Platform">
      <UniqueIdentifier>{2AC788B4-1694-E3BF-3FAD-D1672BD9184E}</UniqueIdentifier>
    </Filter>
    <Filter Include="Platform\SDL">
      <UniqueIdentifier>{1C7CA7CC-08DF-3671-B164-6F279DA602F4}</UniqueIdentifier>
    </Filter>
    <Filter Include="Platform\Windows">
      <UniqueIdentifier>{64FBD71A-50F4-F66C-7926-DCF1657ED678}</UniqueIdentifier>
    </Filter>
    <Filter Include="Scott">
      <UniqueIdentifier>{1223150E-7E37-3DBF-47B9-E01EB38C39F0}</UniqueIdentifier>
    </Filter>
    <Filter Include="Scott\Events">
      <UniqueIdentifier>{B666A62C-A2C9-35D1-4B4F-6E8737910154}</UniqueIdentifier>
    </Filter>
    <Filter Include="Scott\ImGui">
      <UniqueIdentifier>{BC1DC49C-28D3-3C92-B1C7-36691D7C3396}</UniqueIdentifier>
    </Filter>
  </ItemGroup>
  <ItemGroup>
    <ClInclude Include="src\Platform\SDL\ImGuiOpenGLRenderer.h">
      <Filter>Platform\SDL</Filter>
    </ClInclude>
    <ClInclude Include="src\Platform\SDL\ImGuiSDLRenderer.h">
      <Filter>Platform\SDL</Filter>
    </ClInclude>
    <ClInclude Include="src\Platform\Windows\InputManager.h">
      <Filter>Platform\Windows</Filter>
    </ClInclude>
    <ClInclude Include="src\Platform\Windows\WindowsWindow.h">
      <Filter>Platform\Windows</Filter>
    </ClInclude>
    <ClInclude Include="src\Scott.h" />
    <ClInclude Include="src\Scott\Application.h">
      <Filter>Scott</Filter>
    </ClInclude>
    <ClInclude Include="src\Scott\Core.h">
      <Filter>Scott</Filter>
    </ClInclude>
    <ClInclude Include="src\Scott\EntryPoint.h">
      <Filter>Scott</Filter>
    </ClInclude>
    <ClInclude Include="src\Scott\Events\ApplicationEvent.h">
      <Filter>Scott\Events</Filter>
    </ClInclude>
    <ClInclude Include="src\Scott\Events\Event.h">
      <Filter>Scott\Events</Filter>
    </ClInclude>
    <ClInclude Include="src\Scott\Events\KeyEvent.h">
      <Filter>Scott\Events</Filter>
    </ClInclude>
    <ClInclude Include="src\Scott\Events\MouseEvent.h">
      <Filter>Scott\Events</Filter>
    </ClInclude>
    <ClInclude Include="src\Scott\ImGui\ImGuiLayer.h">
      <Filter>Scott\ImGui</Filter>
    </ClInclude>
    <ClInclude Include="src\Scott\Input.h">
      <Filter>Scott</Filter>
    </ClInclude>
    <ClInclude Include="src\Scott\InputDefinitions.h">
      <Filter>Scott</Filter>
    </ClInclude>
    <ClInclude Include="src\Scott\Layer.h">
      <Filter>Scott</Filter>
    </ClInclude>
    <ClInclude Include="src\Scott\LayerStack.h">
      <Filter>Scott</Filter>
    </ClInclude>
    <ClInclude Include="src\Scott\Log.h">
      <Filter>Scott</Filter>
    </ClInclude>
    <ClInclude Include="src\Scott\Window.h">
      <Filter>Scott</Filter>
    </ClInclude>
    <ClInclude Include="src\scpch.h" />
    <ClInclude Include="src\Scott\GameTime.h" />
    <ClInclude Include="src\Scott\SceneGraph\GameObject.h" />
    <ClInclude Include="src\Scott\SceneGraph\SceneManager.h" />
    <ClInclude Include="src\Scott\SceneGraph\Scene.h" />
  </ItemGroup>
  <ItemGroup>
    <ClCompile Include="src\Platform\SDL\ImGuiOpenGLRenderer.cpp">
      <Filter>Platform\SDL</Filter>
    </ClCompile>
    <ClCompile Include="src\Platform\SDL\ImGuiSDLRenderer.cpp">
      <Filter>Platform\SDL</Filter>
    </ClCompile>
    <ClCompile Include="src\Platform\Windows\InputManager.cpp">
      <Filter>Platform\Windows</Filter>
    </ClCompile>
    <ClCompile Include="src\Platform\Windows\WindowsWindow.cpp">
      <Filter>Platform\Windows</Filter>
    </ClCompile>
    <ClCompile Include="src\Scott\Application.cpp">
      <Filter>Scott</Filter>
    </ClCompile>
    <ClCompile Include="src\Scott\ImGui\ImGuiLayer.cpp">
      <Filter>Scott\ImGui</Filter>
    </ClCompile>
    <ClCompile Include="src\Scott\Layer.cpp">
      <Filter>Scott</Filter>
    </ClCompile>
    <ClCompile Include="src\Scott\LayerStack.cpp">
      <Filter>Scott</Filter>
    </ClCompile>
    <ClCompile Include="src\Scott\Log.cpp">
      <Filter>Scott</Filter>
    </ClCompile>
    <ClCompile Include="src\scpch.cpp" />
    <ClCompile Include="src\Scott\GameTime.cpp" />
    <ClCompile Include="src\Scott\SceneGraph\GameObject.cpp" />
    <ClCompile Include="src\Scott\SceneGraph\SceneManager.cpp" />
    <ClCompile Include="src\Scott\SceneGraph\Scene.cpp" />
  </ItemGroup>
</Project>