<?xml version="1.0" encoding="utf-8"?>
<Project ToolsVersion="4.0" xmlns="http://schemas.microsoft.com/developer/msbuild/2003">
  <ItemGroup>
    <Filter Include="Platform">
      <UniqueIdentifier>{2AC788B4-1694-E3BF-3FAD-D1672BD9184E}</UniqueIdentifier>
    </Filter>
    <Filter Include="Platform\SDL">
      <UniqueIdentifier>{1C7CA7CC-08DF-3671-B164-6F279DA602F4}</UniqueIdentifier>
    </Filter>
    <Filter Include="Platform\Windows">
      <UniqueIdentifier>{64FBD71A-50F4-F66C-7926-DCF1657ED678}</UniqueIdentifier>
    </Filter>
    <Filter Include="Scott">
      <UniqueIdentifier>{1223150E-7E37-3DBF-47B9-E01EB38C39F0}</UniqueIdentifier>
    </Filter>
    <Filter Include="Scott\Components">
      <UniqueIdentifier>{E7B8020B-D3B1-215D-FCE3-06E2E83B0169}</UniqueIdentifier>
    </Filter>
    <Filter Include="Scott\Helpers">
      <UniqueIdentifier>{D4C53981-4086-B5B7-09C1-FE347540FA93}</UniqueIdentifier>
    </Filter>
    <Filter Include="Scott\ImGui">
      <UniqueIdentifier>{BC1DC49C-28D3-3C92-B1C7-36691D7C3396}</UniqueIdentifier>
    </Filter>
    <Filter Include="Scott\SceneGraph">
      <UniqueIdentifier>{81F5C4BF-6DEE-E311-9620-C9968278C31D}</UniqueIdentifier>
    </Filter>
  </ItemGroup>
  <ItemGroup>
    <ClInclude Include="src\Platform\SDL\ImGuiOpenGLRenderer.h">
      <Filter>Platform\SDL</Filter>
    </ClInclude>
    <ClInclude Include="src\Platform\SDL\ImGuiSDLRenderer.h">
      <Filter>Platform\SDL</Filter>
    </ClInclude>
    <ClInclude Include="src\Platform\SDL\imgui_sdl.h">
      <Filter>Platform\SDL</Filter>
    </ClInclude>
    <ClInclude Include="src\Platform\Windows\InputManager.h">
      <Filter>Platform\Windows</Filter>
    </ClInclude>
    <ClInclude Include="src\Platform\Windows\WindowsWindow.h">
      <Filter>Platform\Windows</Filter>
    </ClInclude>
    <ClInclude Include="src\Scott.h" />
    <ClInclude Include="src\Scott\Application.h">
      <Filter>Scott</Filter>
    </ClInclude>
    <ClInclude Include="src\Scott\Components\BaseComponent.h">
      <Filter>Scott\Components</Filter>
    </ClInclude>
    <ClInclude Include="src\Scott\Components\CollisionComponent.h">
      <Filter>Scott\Components</Filter>
    </ClInclude>
    <ClInclude Include="src\Scott\Components\Components.h">
      <Filter>Scott\Components</Filter>
    </ClInclude>
    <ClInclude Include="src\Scott\Components\SpriteComponent.h">
      <Filter>Scott\Components</Filter>
    </ClInclude>
    <ClInclude Include="src\Scott\Components\TextComponent.h">
      <Filter>Scott\Components</Filter>
    </ClInclude>
    <ClInclude Include="src\Scott\Components\TextureComponent.h">
      <Filter>Scott\Components</Filter>
    </ClInclude>
    <ClInclude Include="src\Scott\Components\TransformComponent.h">
      <Filter>Scott\Components</Filter>
    </ClInclude>
    <ClInclude Include="src\Scott\Core.h">
      <Filter>Scott</Filter>
    </ClInclude>
    <ClInclude Include="src\Scott\EntryPoint.h">
      <Filter>Scott</Filter>
    </ClInclude>
    <ClInclude Include="src\Scott\GameTime.h">
      <Filter>Scott</Filter>
    </ClInclude>
    <ClInclude Include="src\Scott\Helpers\Font.h">
      <Filter>Scott\Helpers</Filter>
    </ClInclude>
    <ClInclude Include="src\Scott\Helpers\ResourceManager.h">
      <Filter>Scott\Helpers</Filter>
    </ClInclude>
    <ClInclude Include="src\Scott\Helpers\Singleton.h">
      <Filter>Scott\Helpers</Filter>
    </ClInclude>
    <ClInclude Include="src\Scott\Helpers\Texture2D.h">
      <Filter>Scott\Helpers</Filter>
    </ClInclude>
    <ClInclude Include="src\Scott\ImGui\ImGuiLayer.h">
      <Filter>Scott\ImGui</Filter>
    </ClInclude>
    <ClInclude Include="src\Scott\Input.h">
      <Filter>Scott</Filter>
    </ClInclude>
    <ClInclude Include="src\Scott\InputDefinitions.h">
      <Filter>Scott</Filter>
    </ClInclude>
    <ClInclude Include="src\Scott\Layer.h">
      <Filter>Scott</Filter>
    </ClInclude>
    <ClInclude Include="src\Scott\LayerStack.h">
      <Filter>Scott</Filter>
    </ClInclude>
    <ClInclude Include="src\Scott\Log.h">
      <Filter>Scott</Filter>
    </ClInclude>
    <ClInclude Include="src\Scott\Renderer.h">
      <Filter>Scott</Filter>
    </ClInclude>
    <ClInclude Include="src\Scott\SceneGraph\GameObject.h">
      <Filter>Scott\SceneGraph</Filter>
    </ClInclude>
    <ClInclude Include="src\Scott\SceneGraph\Scene.h">
      <Filter>Scott\SceneGraph</Filter>
    </ClInclude>
    <ClInclude Include="src\Scott\SceneGraph\SceneManager.h">
      <Filter>Scott\SceneGraph</Filter>
    </ClInclude>
    <ClInclude Include="src\Scott\Window.h">
      <Filter>Scott</Filter>
    </ClInclude>
    <ClInclude Include="src\scpch.h" />
  </ItemGroup>
  <ItemGroup>
    <ClCompile Include="src\Platform\SDL\ImGuiOpenGLRenderer.cpp">
      <Filter>Platform\SDL</Filter>
    </ClCompile>
    <ClCompile Include="src\Platform\SDL\ImGuiSDLRenderer.cpp">
      <Filter>Platform\SDL</Filter>
    </ClCompile>
    <ClCompile Include="src\Platform\SDL\imgui_sdl.cpp">
      <Filter>Platform\SDL</Filter>
    </ClCompile>
    <ClCompile Include="src\Platform\Windows\InputManager.cpp">
      <Filter>Platform\Windows</Filter>
    </ClCompile>
    <ClCompile Include="src\Platform\Windows\WindowsWindow.cpp">
      <Filter>Platform\Windows</Filter>
    </ClCompile>
    <ClCompile Include="src\Scott\Application.cpp">
      <Filter>Scott</Filter>
    </ClCompile>
    <ClCompile Include="src\Scott\Components\BaseComponent.cpp">
      <Filter>Scott\Components</Filter>
    </ClCompile>
    <ClCompile Include="src\Scott\Components\CollisionComponent.cpp">
      <Filter>Scott\Components</Filter>
    </ClCompile>
    <ClCompile Include="src\Scott\Components\SpriteComponent.cpp">
      <Filter>Scott\Components</Filter>
    </ClCompile>
    <ClCompile Include="src\Scott\Components\TextComponent.cpp">
      <Filter>Scott\Components</Filter>
    </ClCompile>
    <ClCompile Include="src\Scott\Components\TextureComponent.cpp">
      <Filter>Scott\Components</Filter>
    </ClCompile>
    <ClCompile Include="src\Scott\Components\TransformComponent.cpp">
      <Filter>Scott\Components</Filter>
    </ClCompile>
    <ClCompile Include="src\Scott\GameTime.cpp">
      <Filter>Scott</Filter>
    </ClCompile>
    <ClCompile Include="src\Scott\Helpers\ResourceManager.cpp">
      <Filter>Scott\Helpers</Filter>
    </ClCompile>
    <ClCompile Include="src\Scott\ImGui\ImGuiLayer.cpp">
      <Filter>Scott\ImGui</Filter>
    </ClCompile>
    <ClCompile Include="src\Scott\Layer.cpp">
      <Filter>Scott</Filter>
    </ClCompile>
    <ClCompile Include="src\Scott\LayerStack.cpp">
      <Filter>Scott</Filter>
    </ClCompile>
    <ClCompile Include="src\Scott\Log.cpp">
      <Filter>Scott</Filter>
    </ClCompile>
    <ClCompile Include="src\Scott\Renderer.cpp">
      <Filter>Scott</Filter>
    </ClCompile>
    <ClCompile Include="src\Scott\SceneGraph\GameObject.cpp">
      <Filter>Scott\SceneGraph</Filter>
    </ClCompile>
    <ClCompile Include="src\Scott\SceneGraph\Scene.cpp">
      <Filter>Scott\SceneGraph</Filter>
    </ClCompile>
    <ClCompile Include="src\Scott\SceneGraph\SceneManager.cpp">
      <Filter>Scott\SceneGraph</Filter>
    </ClCompile>
    <ClCompile Include="src\scpch.cpp" />
  </ItemGroup>
</Project>